
Microsoft Visual Studio Solution File, Format Version 12.00
# Visual Studio Version 17
VisualStudioVersion = 17.11.35312.102
MinimumVisualStudioVersion = 10.0.40219.1
Project("{FAE04EC0-301F-11D3-BF4B-00C04F79EFBC}") = "SharpProof.CodeFixes", "SharpProof.CodeFixes\SharpProof.CodeFixes.csproj", "{CDBA3B4A-0195-4994-9687-291BB1CD07F4}"
EndProject
Project("{FAE04EC0-301F-11D3-BF4B-00C04F79EFBC}") = "SharpProof.Package", "SharpProof.Package\SharpProof.Package.csproj", "{5202DFF7-F5F6-44E6-8215-C819A84D1160}"
EndProject
Project("{FAE04EC0-301F-11D3-BF4B-00C04F79EFBC}") = "SharpProof.Test", "SharpProof.Test\SharpProof.Test.csproj", "{03583418-BC24-4287-90FC-9FFBF8782CF8}"
EndProject
Project("{FAE04EC0-301F-11D3-BF4B-00C04F79EFBC}") = "SharpProof.Vsix", "SharpProof.Vsix\SharpProof.Vsix.csproj", "{379E7123-80A5-461B-A76F-E36401EAAF5D}"
EndProject
Project("{FAE04EC0-301F-11D3-BF4B-00C04F79EFBC}") = "SharpProof.Attributes", "SharpProof.Attributes\SharpProof.Attributes.csproj", "{F56D9622-9F43-49FD-94D5-8737ED2D1804}"
EndProject
Project("{FAE04EC0-301F-11D3-BF4B-00C04F79EFBC}") = "SharpProof.Analyzer", "SharpProof.Analyzer\SharpProof.Analyzer.csproj", "{5852273E-89C2-4FAC-9FE0-89D4DD39432B}"
EndProject
Project("{FAE04EC0-301F-11D3-BF4B-00C04F79EFBC}") = "VsixHarness", "Tools\VsixHarness\VsixHarness.csproj", "{4D72E7B8-8B5C-4C7B-AB2A-35E1B03B1B5E}"
EndProject
Project("{FAE04EC0-301F-11D3-BF4B-00C04F79EFBC}") = "SharpProof.Demo", "SharpProof.Demo\SharpProof.Demo.csproj", "{CD368F2F-A1D5-484F-8329-DE8C9DB35E42}"
EndProject
Project("{FAE04EC0-301F-11D3-BF4B-00C04F79EFBC}") = "SharpProof.Smoke.Net472", "SharpProof.Smoke.Net472\SharpProof.Smoke.Net472.csproj", "{68FFBFC4-27CA-4316-A9B5-4502E0063031}"
EndProject
Project("{2150E333-8FDC-42A3-9474-1A3956D46DE8}") = "Tools", "Tools", "{07C2787E-EAC7-C090-1BA3-A61EC2A24D84}"
EndProject
Project("{FAE04EC0-301F-11D3-BF4B-00C04F79EFBC}") = "SharpProof.CorpusReport", "Tools\SharpProof.CorpusReport\SharpProof.CorpusReport.csproj", "{2B89B251-6E3F-4F49-BCF5-3977B609660A}"
EndProject
Project("{FAE04EC0-301F-11D3-BF4B-00C04F79EFBC}") = "SharpProof.Fuzz", "Tools\SharpProof.Fuzz\SharpProof.Fuzz.csproj", "{B071DAF2-0661-41DF-BBE6-C53C37B8C26A}"
EndProject
Project("{FAE04EC0-301F-11D3-BF4B-00C04F79EFBC}") = "SharpProof.ProofCore", "SharpProof.ProofCore\SharpProof.ProofCore.csproj", "{EA6CFE39-E7C0-4E92-BD9C-3BE7993DDB86}"
EndProject
Project("{FAE04EC0-301F-11D3-BF4B-00C04F79EFBC}") = "SharpProof.SymbolicCli", "Tools\SharpProof.SymbolicCli\SharpProof.SymbolicCli.csproj", "{B86BF3EF-C940-4999-AA8F-E9183284EA2D}"
EndProject
Project("{FAE04EC0-301F-11D3-BF4B-00C04F79EFBC}") = "SharpProof.Symbolic", "SharpProof.Symbolic\SharpProof.Symbolic.csproj", "{3F27F7F4-3B72-414F-92E7-181551F95723}"
EndProject
Project("{FAE04EC0-301F-11D3-BF4B-00C04F79EFBC}") = "SharpProof.Fuzz.Core", "Tools\SharpProof.Fuzz.Core\SharpProof.Fuzz.Core.csproj", "{10B8CE83-FBA9-4DDA-ABFE-8353FCBDD831}"
EndProject
Project("{FAE04EC0-301F-11D3-BF4B-00C04F79EFBC}") = "SharpProof.CorpusReport.Core", "Tools\SharpProof.CorpusReport.Core\SharpProof.CorpusReport.Core.csproj", "{B64F4757-7E59-42AE-A0CF-5442554A563C}"
EndProject
Project("{FAE04EC0-301F-11D3-BF4B-00C04F79EFBC}") = "SharpProof.ToolingTest", "SharpProof.ToolingTest\SharpProof.ToolingTest.csproj", "{CC9ABD5C-647E-4AF4-8998-63EF0A046CD0}"
EndProject
Project("{FAE04EC0-301F-11D3-BF4B-00C04F79EFBC}") = "SharpProof.Baseline.Core", "Tools\SharpProof.Baseline.Core\SharpProof.Baseline.Core.csproj", "{FE7FD6D3-DCBC-449A-893E-DD2A6D75932D}"
EndProject
Project("{FAE04EC0-301F-11D3-BF4B-00C04F79EFBC}") = "SharpProof.Baseline", "Tools\SharpProof.Baseline\SharpProof.Baseline.csproj", "{D29D89F4-B614-4508-A5C9-923D3A9BA6C7}"
EndProject
Project("{FAE04EC0-301F-11D3-BF4B-00C04F79EFBC}") = "SharpProof.Contracts", "SharpProof.Contracts\SharpProof.Contracts.csproj", "{2AAE5EE2-A14B-42C0-8E8F-20AE0FF9F148}"
EndProject
Project("{FAE04EC0-301F-11D3-BF4B-00C04F79EFBC}") = "SharpProof.Tooling.Core", "SharpProof.Tooling.Core\SharpProof.Tooling.Core.csproj", "{069F40B8-4157-4ED0-952B-03422425731B}"
EndProject
Project("{FAE04EC0-301F-11D3-BF4B-00C04F79EFBC}") = "SharpProof.Testing", "SharpProof.Testing\SharpProof.Testing.csproj", "{0AF46B70-DE0B-462D-AB12-B88E3A69A7B7}"
EndProject
Project("{FAE04EC0-301F-11D3-BF4B-00C04F79EFBC}") = "SharpProof.SymbolicCli.Core", "Tools\SharpProof.SymbolicCli.Core\SharpProof.SymbolicCli.Core.csproj", "{AA48E623-CECE-4D85-9DC8-8DE645FB6445}"
EndProject
Global
	GlobalSection(SolutionConfigurationPlatforms) = preSolution
		Debug|Any CPU = Debug|Any CPU
		Debug|x64 = Debug|x64
		Debug|x86 = Debug|x86
		Release|Any CPU = Release|Any CPU
		Release|x64 = Release|x64
		Release|x86 = Release|x86
	EndGlobalSection
	GlobalSection(ProjectConfigurationPlatforms) = postSolution
		{CDBA3B4A-0195-4994-9687-291BB1CD07F4}.Debug|Any CPU.ActiveCfg = Debug|Any CPU
		{CDBA3B4A-0195-4994-9687-291BB1CD07F4}.Debug|Any CPU.Build.0 = Debug|Any CPU
		{CDBA3B4A-0195-4994-9687-291BB1CD07F4}.Debug|x64.ActiveCfg = Debug|Any CPU
		{CDBA3B4A-0195-4994-9687-291BB1CD07F4}.Debug|x64.Build.0 = Debug|Any CPU
		{CDBA3B4A-0195-4994-9687-291BB1CD07F4}.Debug|x86.ActiveCfg = Debug|Any CPU
		{CDBA3B4A-0195-4994-9687-291BB1CD07F4}.Debug|x86.Build.0 = Debug|Any CPU
		{CDBA3B4A-0195-4994-9687-291BB1CD07F4}.Release|Any CPU.ActiveCfg = Release|Any CPU
		{CDBA3B4A-0195-4994-9687-291BB1CD07F4}.Release|Any CPU.Build.0 = Release|Any CPU
		{CDBA3B4A-0195-4994-9687-291BB1CD07F4}.Release|x64.ActiveCfg = Release|Any CPU
		{CDBA3B4A-0195-4994-9687-291BB1CD07F4}.Release|x64.Build.0 = Release|Any CPU
		{CDBA3B4A-0195-4994-9687-291BB1CD07F4}.Release|x86.ActiveCfg = Release|Any CPU
		{CDBA3B4A-0195-4994-9687-291BB1CD07F4}.Release|x86.Build.0 = Release|Any CPU
		{5202DFF7-F5F6-44E6-8215-C819A84D1160}.Debug|Any CPU.ActiveCfg = Debug|Any CPU
		{5202DFF7-F5F6-44E6-8215-C819A84D1160}.Debug|Any CPU.Build.0 = Debug|Any CPU
		{5202DFF7-F5F6-44E6-8215-C819A84D1160}.Debug|x64.ActiveCfg = Debug|Any CPU
		{5202DFF7-F5F6-44E6-8215-C819A84D1160}.Debug|x64.Build.0 = Debug|Any CPU
		{5202DFF7-F5F6-44E6-8215-C819A84D1160}.Debug|x86.ActiveCfg = Debug|Any CPU
		{5202DFF7-F5F6-44E6-8215-C819A84D1160}.Debug|x86.Build.0 = Debug|Any CPU
		{5202DFF7-F5F6-44E6-8215-C819A84D1160}.Release|Any CPU.ActiveCfg = Release|Any CPU
		{5202DFF7-F5F6-44E6-8215-C819A84D1160}.Release|Any CPU.Build.0 = Release|Any CPU
		{5202DFF7-F5F6-44E6-8215-C819A84D1160}.Release|x64.ActiveCfg = Release|Any CPU
		{5202DFF7-F5F6-44E6-8215-C819A84D1160}.Release|x64.Build.0 = Release|Any CPU
		{5202DFF7-F5F6-44E6-8215-C819A84D1160}.Release|x86.ActiveCfg = Release|Any CPU
		{5202DFF7-F5F6-44E6-8215-C819A84D1160}.Release|x86.Build.0 = Release|Any CPU
		{03583418-BC24-4287-90FC-9FFBF8782CF8}.Debug|Any CPU.ActiveCfg = Debug|Any CPU
		{03583418-BC24-4287-90FC-9FFBF8782CF8}.Debug|Any CPU.Build.0 = Debug|Any CPU
		{03583418-BC24-4287-90FC-9FFBF8782CF8}.Debug|x64.ActiveCfg = Debug|Any CPU
		{03583418-BC24-4287-90FC-9FFBF8782CF8}.Debug|x64.Build.0 = Debug|Any CPU
		{03583418-BC24-4287-90FC-9FFBF8782CF8}.Debug|x86.ActiveCfg = Debug|Any CPU
		{03583418-BC24-4287-90FC-9FFBF8782CF8}.Debug|x86.Build.0 = Debug|Any CPU
		{03583418-BC24-4287-90FC-9FFBF8782CF8}.Release|Any CPU.ActiveCfg = Release|Any CPU
		{03583418-BC24-4287-90FC-9FFBF8782CF8}.Release|Any CPU.Build.0 = Release|Any CPU
		{03583418-BC24-4287-90FC-9FFBF8782CF8}.Release|x64.ActiveCfg = Release|Any CPU
		{03583418-BC24-4287-90FC-9FFBF8782CF8}.Release|x64.Build.0 = Release|Any CPU
		{03583418-BC24-4287-90FC-9FFBF8782CF8}.Release|x86.ActiveCfg = Release|Any CPU
		{03583418-BC24-4287-90FC-9FFBF8782CF8}.Release|x86.Build.0 = Release|Any CPU
		{379E7123-80A5-461B-A76F-E36401EAAF5D}.Debug|Any CPU.ActiveCfg = Debug|Any CPU
		{379E7123-80A5-461B-A76F-E36401EAAF5D}.Debug|Any CPU.Build.0 = Debug|Any CPU
		{379E7123-80A5-461B-A76F-E36401EAAF5D}.Debug|x64.ActiveCfg = Debug|Any CPU
		{379E7123-80A5-461B-A76F-E36401EAAF5D}.Debug|x64.Build.0 = Debug|Any CPU
		{379E7123-80A5-461B-A76F-E36401EAAF5D}.Debug|x86.ActiveCfg = Debug|Any CPU
		{379E7123-80A5-461B-A76F-E36401EAAF5D}.Debug|x86.Build.0 = Debug|Any CPU
		{379E7123-80A5-461B-A76F-E36401EAAF5D}.Release|Any CPU.ActiveCfg = Release|Any CPU
		{379E7123-80A5-461B-A76F-E36401EAAF5D}.Release|Any CPU.Build.0 = Release|Any CPU
		{379E7123-80A5-461B-A76F-E36401EAAF5D}.Release|x64.ActiveCfg = Release|Any CPU
		{379E7123-80A5-461B-A76F-E36401EAAF5D}.Release|x64.Build.0 = Release|Any CPU
		{379E7123-80A5-461B-A76F-E36401EAAF5D}.Release|x86.ActiveCfg = Release|Any CPU
		{379E7123-80A5-461B-A76F-E36401EAAF5D}.Release|x86.Build.0 = Release|Any CPU
		{F56D9622-9F43-49FD-94D5-8737ED2D1804}.Debug|Any CPU.ActiveCfg = Debug|Any CPU
		{F56D9622-9F43-49FD-94D5-8737ED2D1804}.Debug|Any CPU.Build.0 = Debug|Any CPU
		{F56D9622-9F43-49FD-94D5-8737ED2D1804}.Debug|x64.ActiveCfg = Debug|Any CPU
		{F56D9622-9F43-49FD-94D5-8737ED2D1804}.Debug|x64.Build.0 = Debug|Any CPU
		{F56D9622-9F43-49FD-94D5-8737ED2D1804}.Debug|x86.ActiveCfg = Debug|Any CPU
		{F56D9622-9F43-49FD-94D5-8737ED2D1804}.Debug|x86.Build.0 = Debug|Any CPU
		{F56D9622-9F43-49FD-94D5-8737ED2D1804}.Release|Any CPU.ActiveCfg = Release|Any CPU
		{F56D9622-9F43-49FD-94D5-8737ED2D1804}.Release|Any CPU.Build.0 = Release|Any CPU
		{F56D9622-9F43-49FD-94D5-8737ED2D1804}.Release|x64.ActiveCfg = Release|Any CPU
		{F56D9622-9F43-49FD-94D5-8737ED2D1804}.Release|x64.Build.0 = Release|Any CPU
		{F56D9622-9F43-49FD-94D5-8737ED2D1804}.Release|x86.ActiveCfg = Release|Any CPU
		{F56D9622-9F43-49FD-94D5-8737ED2D1804}.Release|x86.Build.0 = Release|Any CPU
		{5852273E-89C2-4FAC-9FE0-89D4DD39432B}.Debug|Any CPU.ActiveCfg = Debug|Any CPU
		{5852273E-89C2-4FAC-9FE0-89D4DD39432B}.Debug|Any CPU.Build.0 = Debug|Any CPU
		{5852273E-89C2-4FAC-9FE0-89D4DD39432B}.Debug|x64.ActiveCfg = Debug|Any CPU
		{5852273E-89C2-4FAC-9FE0-89D4DD39432B}.Debug|x64.Build.0 = Debug|Any CPU
		{5852273E-89C2-4FAC-9FE0-89D4DD39432B}.Debug|x86.ActiveCfg = Debug|Any CPU
		{5852273E-89C2-4FAC-9FE0-89D4DD39432B}.Debug|x86.Build.0 = Debug|Any CPU
		{5852273E-89C2-4FAC-9FE0-89D4DD39432B}.Release|Any CPU.ActiveCfg = Release|Any CPU
		{5852273E-89C2-4FAC-9FE0-89D4DD39432B}.Release|Any CPU.Build.0 = Release|Any CPU
		{5852273E-89C2-4FAC-9FE0-89D4DD39432B}.Release|x64.ActiveCfg = Release|Any CPU
		{5852273E-89C2-4FAC-9FE0-89D4DD39432B}.Release|x64.Build.0 = Release|Any CPU
		{5852273E-89C2-4FAC-9FE0-89D4DD39432B}.Release|x86.ActiveCfg = Release|Any CPU
		{5852273E-89C2-4FAC-9FE0-89D4DD39432B}.Release|x86.Build.0 = Release|Any CPU
		{4D72E7B8-8B5C-4C7B-AB2A-35E1B03B1B5E}.Debug|Any CPU.ActiveCfg = Debug|Any CPU
		{4D72E7B8-8B5C-4C7B-AB2A-35E1B03B1B5E}.Debug|Any CPU.Build.0 = Debug|Any CPU
		{4D72E7B8-8B5C-4C7B-AB2A-35E1B03B1B5E}.Debug|x64.ActiveCfg = Debug|Any CPU
		{4D72E7B8-8B5C-4C7B-AB2A-35E1B03B1B5E}.Debug|x64.Build.0 = Debug|Any CPU
		{4D72E7B8-8B5C-4C7B-AB2A-35E1B03B1B5E}.Debug|x86.ActiveCfg = Debug|Any CPU
		{4D72E7B8-8B5C-4C7B-AB2A-35E1B03B1B5E}.Debug|x86.Build.0 = Debug|Any CPU
		{4D72E7B8-8B5C-4C7B-AB2A-35E1B03B1B5E}.Release|Any CPU.ActiveCfg = Release|Any CPU
		{4D72E7B8-8B5C-4C7B-AB2A-35E1B03B1B5E}.Release|Any CPU.Build.0 = Release|Any CPU
		{4D72E7B8-8B5C-4C7B-AB2A-35E1B03B1B5E}.Release|x64.ActiveCfg = Release|Any CPU
		{4D72E7B8-8B5C-4C7B-AB2A-35E1B03B1B5E}.Release|x64.Build.0 = Release|Any CPU
		{4D72E7B8-8B5C-4C7B-AB2A-35E1B03B1B5E}.Release|x86.ActiveCfg = Release|Any CPU
		{4D72E7B8-8B5C-4C7B-AB2A-35E1B03B1B5E}.Release|x86.Build.0 = Release|Any CPU
		{CD368F2F-A1D5-484F-8329-DE8C9DB35E42}.Debug|Any CPU.ActiveCfg = Debug|Any CPU
		{CD368F2F-A1D5-484F-8329-DE8C9DB35E42}.Debug|Any CPU.Build.0 = Debug|Any CPU
		{CD368F2F-A1D5-484F-8329-DE8C9DB35E42}.Debug|x64.ActiveCfg = Debug|Any CPU
		{CD368F2F-A1D5-484F-8329-DE8C9DB35E42}.Debug|x64.Build.0 = Debug|Any CPU
		{CD368F2F-A1D5-484F-8329-DE8C9DB35E42}.Debug|x86.ActiveCfg = Debug|Any CPU
		{CD368F2F-A1D5-484F-8329-DE8C9DB35E42}.Debug|x86.Build.0 = Debug|Any CPU
		{CD368F2F-A1D5-484F-8329-DE8C9DB35E42}.Release|Any CPU.ActiveCfg = Release|Any CPU
		{CD368F2F-A1D5-484F-8329-DE8C9DB35E42}.Release|Any CPU.Build.0 = Release|Any CPU
		{CD368F2F-A1D5-484F-8329-DE8C9DB35E42}.Release|x64.ActiveCfg = Release|Any CPU
		{CD368F2F-A1D5-484F-8329-DE8C9DB35E42}.Release|x64.Build.0 = Release|Any CPU
		{CD368F2F-A1D5-484F-8329-DE8C9DB35E42}.Release|x86.ActiveCfg = Release|Any CPU
		{CD368F2F-A1D5-484F-8329-DE8C9DB35E42}.Release|x86.Build.0 = Release|Any CPU
		{68FFBFC4-27CA-4316-A9B5-4502E0063031}.Debug|Any CPU.ActiveCfg = Debug|Any CPU
		{68FFBFC4-27CA-4316-A9B5-4502E0063031}.Debug|Any CPU.Build.0 = Debug|Any CPU
		{68FFBFC4-27CA-4316-A9B5-4502E0063031}.Debug|x64.ActiveCfg = Debug|Any CPU
		{68FFBFC4-27CA-4316-A9B5-4502E0063031}.Debug|x64.Build.0 = Debug|Any CPU
		{68FFBFC4-27CA-4316-A9B5-4502E0063031}.Debug|x86.ActiveCfg = Debug|Any CPU
		{68FFBFC4-27CA-4316-A9B5-4502E0063031}.Debug|x86.Build.0 = Debug|Any CPU
		{68FFBFC4-27CA-4316-A9B5-4502E0063031}.Release|Any CPU.ActiveCfg = Release|Any CPU
		{68FFBFC4-27CA-4316-A9B5-4502E0063031}.Release|Any CPU.Build.0 = Release|Any CPU
		{68FFBFC4-27CA-4316-A9B5-4502E0063031}.Release|x64.ActiveCfg = Release|Any CPU
		{68FFBFC4-27CA-4316-A9B5-4502E0063031}.Release|x64.Build.0 = Release|Any CPU
		{68FFBFC4-27CA-4316-A9B5-4502E0063031}.Release|x86.ActiveCfg = Release|Any CPU
		{68FFBFC4-27CA-4316-A9B5-4502E0063031}.Release|x86.Build.0 = Release|Any CPU
		{2B89B251-6E3F-4F49-BCF5-3977B609660A}.Debug|Any CPU.ActiveCfg = Debug|Any CPU
		{2B89B251-6E3F-4F49-BCF5-3977B609660A}.Debug|Any CPU.Build.0 = Debug|Any CPU
		{2B89B251-6E3F-4F49-BCF5-3977B609660A}.Debug|x64.ActiveCfg = Debug|Any CPU
		{2B89B251-6E3F-4F49-BCF5-3977B609660A}.Debug|x64.Build.0 = Debug|Any CPU
		{2B89B251-6E3F-4F49-BCF5-3977B609660A}.Debug|x86.ActiveCfg = Debug|Any CPU
		{2B89B251-6E3F-4F49-BCF5-3977B609660A}.Debug|x86.Build.0 = Debug|Any CPU
		{2B89B251-6E3F-4F49-BCF5-3977B609660A}.Release|Any CPU.ActiveCfg = Release|Any CPU
		{2B89B251-6E3F-4F49-BCF5-3977B609660A}.Release|Any CPU.Build.0 = Release|Any CPU
		{2B89B251-6E3F-4F49-BCF5-3977B609660A}.Release|x64.ActiveCfg = Release|Any CPU
		{2B89B251-6E3F-4F49-BCF5-3977B609660A}.Release|x64.Build.0 = Release|Any CPU
		{2B89B251-6E3F-4F49-BCF5-3977B609660A}.Release|x86.ActiveCfg = Release|Any CPU
		{2B89B251-6E3F-4F49-BCF5-3977B609660A}.Release|x86.Build.0 = Release|Any CPU
		{B071DAF2-0661-41DF-BBE6-C53C37B8C26A}.Debug|Any CPU.ActiveCfg = Debug|Any CPU
		{B071DAF2-0661-41DF-BBE6-C53C37B8C26A}.Debug|Any CPU.Build.0 = Debug|Any CPU
		{B071DAF2-0661-41DF-BBE6-C53C37B8C26A}.Debug|x64.ActiveCfg = Debug|Any CPU
		{B071DAF2-0661-41DF-BBE6-C53C37B8C26A}.Debug|x64.Build.0 = Debug|Any CPU
		{B071DAF2-0661-41DF-BBE6-C53C37B8C26A}.Debug|x86.ActiveCfg = Debug|Any CPU
		{B071DAF2-0661-41DF-BBE6-C53C37B8C26A}.Debug|x86.Build.0 = Debug|Any CPU
		{B071DAF2-0661-41DF-BBE6-C53C37B8C26A}.Release|Any CPU.ActiveCfg = Release|Any CPU
		{B071DAF2-0661-41DF-BBE6-C53C37B8C26A}.Release|Any CPU.Build.0 = Release|Any CPU
		{B071DAF2-0661-41DF-BBE6-C53C37B8C26A}.Release|x64.ActiveCfg = Release|Any CPU
		{B071DAF2-0661-41DF-BBE6-C53C37B8C26A}.Release|x64.Build.0 = Release|Any CPU
		{B071DAF2-0661-41DF-BBE6-C53C37B8C26A}.Release|x86.ActiveCfg = Release|Any CPU
		{B071DAF2-0661-41DF-BBE6-C53C37B8C26A}.Release|x86.Build.0 = Release|Any CPU
		{EA6CFE39-E7C0-4E92-BD9C-3BE7993DDB86}.Debug|Any CPU.ActiveCfg = Debug|Any CPU
		{EA6CFE39-E7C0-4E92-BD9C-3BE7993DDB86}.Debug|Any CPU.Build.0 = Debug|Any CPU
		{EA6CFE39-E7C0-4E92-BD9C-3BE7993DDB86}.Debug|x64.ActiveCfg = Debug|Any CPU
		{EA6CFE39-E7C0-4E92-BD9C-3BE7993DDB86}.Debug|x64.Build.0 = Debug|Any CPU
		{EA6CFE39-E7C0-4E92-BD9C-3BE7993DDB86}.Debug|x86.ActiveCfg = Debug|Any CPU
		{EA6CFE39-E7C0-4E92-BD9C-3BE7993DDB86}.Debug|x86.Build.0 = Debug|Any CPU
		{EA6CFE39-E7C0-4E92-BD9C-3BE7993DDB86}.Release|Any CPU.ActiveCfg = Release|Any CPU
		{EA6CFE39-E7C0-4E92-BD9C-3BE7993DDB86}.Release|Any CPU.Build.0 = Release|Any CPU
		{EA6CFE39-E7C0-4E92-BD9C-3BE7993DDB86}.Release|x64.ActiveCfg = Release|Any CPU
		{EA6CFE39-E7C0-4E92-BD9C-3BE7993DDB86}.Release|x64.Build.0 = Release|Any CPU
		{EA6CFE39-E7C0-4E92-BD9C-3BE7993DDB86}.Release|x86.ActiveCfg = Release|Any CPU
		{EA6CFE39-E7C0-4E92-BD9C-3BE7993DDB86}.Release|x86.Build.0 = Release|Any CPU
		{B86BF3EF-C940-4999-AA8F-E9183284EA2D}.Debug|Any CPU.ActiveCfg = Debug|Any CPU
		{B86BF3EF-C940-4999-AA8F-E9183284EA2D}.Debug|Any CPU.Build.0 = Debug|Any CPU
		{B86BF3EF-C940-4999-AA8F-E9183284EA2D}.Debug|x64.ActiveCfg = Debug|Any CPU
		{B86BF3EF-C940-4999-AA8F-E9183284EA2D}.Debug|x64.Build.0 = Debug|Any CPU
		{B86BF3EF-C940-4999-AA8F-E9183284EA2D}.Debug|x86.ActiveCfg = Debug|Any CPU
		{B86BF3EF-C940-4999-AA8F-E9183284EA2D}.Debug|x86.Build.0 = Debug|Any CPU
		{B86BF3EF-C940-4999-AA8F-E9183284EA2D}.Release|Any CPU.ActiveCfg = Release|Any CPU
		{B86BF3EF-C940-4999-AA8F-E9183284EA2D}.Release|Any CPU.Build.0 = Release|Any CPU
		{B86BF3EF-C940-4999-AA8F-E9183284EA2D}.Release|x64.ActiveCfg = Release|Any CPU
		{B86BF3EF-C940-4999-AA8F-E9183284EA2D}.Release|x64.Build.0 = Release|Any CPU
		{B86BF3EF-C940-4999-AA8F-E9183284EA2D}.Release|x86.ActiveCfg = Release|Any CPU
		{B86BF3EF-C940-4999-AA8F-E9183284EA2D}.Release|x86.Build.0 = Release|Any CPU
		{3F27F7F4-3B72-414F-92E7-181551F95723}.Debug|Any CPU.ActiveCfg = Debug|Any CPU
		{3F27F7F4-3B72-414F-92E7-181551F95723}.Debug|Any CPU.Build.0 = Debug|Any CPU
		{3F27F7F4-3B72-414F-92E7-181551F95723}.Debug|x64.ActiveCfg = Debug|Any CPU
		{3F27F7F4-3B72-414F-92E7-181551F95723}.Debug|x64.Build.0 = Debug|Any CPU
		{3F27F7F4-3B72-414F-92E7-181551F95723}.Debug|x86.ActiveCfg = Debug|Any CPU
		{3F27F7F4-3B72-414F-92E7-181551F95723}.Debug|x86.Build.0 = Debug|Any CPU
		{3F27F7F4-3B72-414F-92E7-181551F95723}.Release|Any CPU.ActiveCfg = Release|Any CPU
		{3F27F7F4-3B72-414F-92E7-181551F95723}.Release|Any CPU.Build.0 = Release|Any CPU
		{3F27F7F4-3B72-414F-92E7-181551F95723}.Release|x64.ActiveCfg = Release|Any CPU
		{3F27F7F4-3B72-414F-92E7-181551F95723}.Release|x64.Build.0 = Release|Any CPU
		{3F27F7F4-3B72-414F-92E7-181551F95723}.Release|x86.ActiveCfg = Release|Any CPU
		{3F27F7F4-3B72-414F-92E7-181551F95723}.Release|x86.Build.0 = Release|Any CPU
		{10B8CE83-FBA9-4DDA-ABFE-8353FCBDD831}.Debug|Any CPU.ActiveCfg = Debug|Any CPU
		{10B8CE83-FBA9-4DDA-ABFE-8353FCBDD831}.Debug|Any CPU.Build.0 = Debug|Any CPU
		{10B8CE83-FBA9-4DDA-ABFE-8353FCBDD831}.Debug|x64.ActiveCfg = Debug|Any CPU
		{10B8CE83-FBA9-4DDA-ABFE-8353FCBDD831}.Debug|x64.Build.0 = Debug|Any CPU
		{10B8CE83-FBA9-4DDA-ABFE-8353FCBDD831}.Debug|x86.ActiveCfg = Debug|Any CPU
		{10B8CE83-FBA9-4DDA-ABFE-8353FCBDD831}.Debug|x86.Build.0 = Debug|Any CPU
		{10B8CE83-FBA9-4DDA-ABFE-8353FCBDD831}.Release|Any CPU.ActiveCfg = Release|Any CPU
		{10B8CE83-FBA9-4DDA-ABFE-8353FCBDD831}.Release|Any CPU.Build.0 = Release|Any CPU
		{10B8CE83-FBA9-4DDA-ABFE-8353FCBDD831}.Release|x64.ActiveCfg = Release|Any CPU
		{10B8CE83-FBA9-4DDA-ABFE-8353FCBDD831}.Release|x64.Build.0 = Release|Any CPU
		{10B8CE83-FBA9-4DDA-ABFE-8353FCBDD831}.Release|x86.ActiveCfg = Release|Any CPU
		{10B8CE83-FBA9-4DDA-ABFE-8353FCBDD831}.Release|x86.Build.0 = Release|Any CPU
		{B64F4757-7E59-42AE-A0CF-5442554A563C}.Debug|Any CPU.ActiveCfg = Debug|Any CPU
		{B64F4757-7E59-42AE-A0CF-5442554A563C}.Debug|Any CPU.Build.0 = Debug|Any CPU
		{B64F4757-7E59-42AE-A0CF-5442554A563C}.Debug|x64.ActiveCfg = Debug|Any CPU
		{B64F4757-7E59-42AE-A0CF-5442554A563C}.Debug|x64.Build.0 = Debug|Any CPU
		{B64F4757-7E59-42AE-A0CF-5442554A563C}.Debug|x86.ActiveCfg = Debug|Any CPU
		{B64F4757-7E59-42AE-A0CF-5442554A563C}.Debug|x86.Build.0 = Debug|Any CPU
		{B64F4757-7E59-42AE-A0CF-5442554A563C}.Release|Any CPU.ActiveCfg = Release|Any CPU
		{B64F4757-7E59-42AE-A0CF-5442554A563C}.Release|Any CPU.Build.0 = Release|Any CPU
		{B64F4757-7E59-42AE-A0CF-5442554A563C}.Release|x64.ActiveCfg = Release|Any CPU
		{B64F4757-7E59-42AE-A0CF-5442554A563C}.Release|x64.Build.0 = Release|Any CPU
		{B64F4757-7E59-42AE-A0CF-5442554A563C}.Release|x86.ActiveCfg = Release|Any CPU
		{B64F4757-7E59-42AE-A0CF-5442554A563C}.Release|x86.Build.0 = Release|Any CPU
		{CC9ABD5C-647E-4AF4-8998-63EF0A046CD0}.Debug|Any CPU.ActiveCfg = Debug|Any CPU
		{CC9ABD5C-647E-4AF4-8998-63EF0A046CD0}.Debug|Any CPU.Build.0 = Debug|Any CPU
		{CC9ABD5C-647E-4AF4-8998-63EF0A046CD0}.Debug|x64.ActiveCfg = Debug|Any CPU
		{CC9ABD5C-647E-4AF4-8998-63EF0A046CD0}.Debug|x64.Build.0 = Debug|Any CPU
		{CC9ABD5C-647E-4AF4-8998-63EF0A046CD0}.Debug|x86.ActiveCfg = Debug|Any CPU
		{CC9ABD5C-647E-4AF4-8998-63EF0A046CD0}.Debug|x86.Build.0 = Debug|Any CPU
		{CC9ABD5C-647E-4AF4-8998-63EF0A046CD0}.Release|Any CPU.ActiveCfg = Release|Any CPU
		{CC9ABD5C-647E-4AF4-8998-63EF0A046CD0}.Release|Any CPU.Build.0 = Release|Any CPU
		{CC9ABD5C-647E-4AF4-8998-63EF0A046CD0}.Release|x64.ActiveCfg = Release|Any CPU
		{CC9ABD5C-647E-4AF4-8998-63EF0A046CD0}.Release|x64.Build.0 = Release|Any CPU
		{CC9ABD5C-647E-4AF4-8998-63EF0A046CD0}.Release|x86.ActiveCfg = Release|Any CPU
		{CC9ABD5C-647E-4AF4-8998-63EF0A046CD0}.Release|x86.Build.0 = Release|Any CPU
		{FE7FD6D3-DCBC-449A-893E-DD2A6D75932D}.Debug|Any CPU.ActiveCfg = Debug|Any CPU
		{FE7FD6D3-DCBC-449A-893E-DD2A6D75932D}.Debug|Any CPU.Build.0 = Debug|Any CPU
		{FE7FD6D3-DCBC-449A-893E-DD2A6D75932D}.Debug|x64.ActiveCfg = Debug|Any CPU
		{FE7FD6D3-DCBC-449A-893E-DD2A6D75932D}.Debug|x64.Build.0 = Debug|Any CPU
		{FE7FD6D3-DCBC-449A-893E-DD2A6D75932D}.Debug|x86.ActiveCfg = Debug|Any CPU
		{FE7FD6D3-DCBC-449A-893E-DD2A6D75932D}.Debug|x86.Build.0 = Debug|Any CPU
		{FE7FD6D3-DCBC-449A-893E-DD2A6D75932D}.Release|Any CPU.ActiveCfg = Release|Any CPU
		{FE7FD6D3-DCBC-449A-893E-DD2A6D75932D}.Release|Any CPU.Build.0 = Release|Any CPU
		{FE7FD6D3-DCBC-449A-893E-DD2A6D75932D}.Release|x64.ActiveCfg = Release|Any CPU
		{FE7FD6D3-DCBC-449A-893E-DD2A6D75932D}.Release|x64.Build.0 = Release|Any CPU
		{FE7FD6D3-DCBC-449A-893E-DD2A6D75932D}.Release|x86.ActiveCfg = Release|Any CPU
		{FE7FD6D3-DCBC-449A-893E-DD2A6D75932D}.Release|x86.Build.0 = Release|Any CPU
		{D29D89F4-B614-4508-A5C9-923D3A9BA6C7}.Debug|Any CPU.ActiveCfg = Debug|Any CPU
		{D29D89F4-B614-4508-A5C9-923D3A9BA6C7}.Debug|Any CPU.Build.0 = Debug|Any CPU
		{D29D89F4-B614-4508-A5C9-923D3A9BA6C7}.Debug|x64.ActiveCfg = Debug|Any CPU
		{D29D89F4-B614-4508-A5C9-923D3A9BA6C7}.Debug|x64.Build.0 = Debug|Any CPU
		{D29D89F4-B614-4508-A5C9-923D3A9BA6C7}.Debug|x86.ActiveCfg = Debug|Any CPU
		{D29D89F4-B614-4508-A5C9-923D3A9BA6C7}.Debug|x86.Build.0 = Debug|Any CPU
		{D29D89F4-B614-4508-A5C9-923D3A9BA6C7}.Release|Any CPU.ActiveCfg = Release|Any CPU
		{D29D89F4-B614-4508-A5C9-923D3A9BA6C7}.Release|Any CPU.Build.0 = Release|Any CPU
		{D29D89F4-B614-4508-A5C9-923D3A9BA6C7}.Release|x64.ActiveCfg = Release|Any CPU
		{D29D89F4-B614-4508-A5C9-923D3A9BA6C7}.Release|x64.Build.0 = Release|Any CPU
		{D29D89F4-B614-4508-A5C9-923D3A9BA6C7}.Release|x86.ActiveCfg = Release|Any CPU
		{D29D89F4-B614-4508-A5C9-923D3A9BA6C7}.Release|x86.Build.0 = Release|Any CPU
		{2AAE5EE2-A14B-42C0-8E8F-20AE0FF9F148}.Debug|Any CPU.ActiveCfg = Debug|Any CPU
		{2AAE5EE2-A14B-42C0-8E8F-20AE0FF9F148}.Debug|Any CPU.Build.0 = Debug|Any CPU
		{2AAE5EE2-A14B-42C0-8E8F-20AE0FF9F148}.Debug|x64.ActiveCfg = Debug|Any CPU
		{2AAE5EE2-A14B-42C0-8E8F-20AE0FF9F148}.Debug|x64.Build.0 = Debug|Any CPU
		{2AAE5EE2-A14B-42C0-8E8F-20AE0FF9F148}.Debug|x86.ActiveCfg = Debug|Any CPU
		{2AAE5EE2-A14B-42C0-8E8F-20AE0FF9F148}.Debug|x86.Build.0 = Debug|Any CPU
		{2AAE5EE2-A14B-42C0-8E8F-20AE0FF9F148}.Release|Any CPU.ActiveCfg = Release|Any CPU
		{2AAE5EE2-A14B-42C0-8E8F-20AE0FF9F148}.Release|Any CPU.Build.0 = Release|Any CPU
		{2AAE5EE2-A14B-42C0-8E8F-20AE0FF9F148}.Release|x64.ActiveCfg = Release|Any CPU
		{2AAE5EE2-A14B-42C0-8E8F-20AE0FF9F148}.Release|x64.Build.0 = Release|Any CPU
		{2AAE5EE2-A14B-42C0-8E8F-20AE0FF9F148}.Release|x86.ActiveCfg = Release|Any CPU
		{2AAE5EE2-A14B-42C0-8E8F-20AE0FF9F148}.Release|x86.Build.0 = Release|Any CPU
		{069F40B8-4157-4ED0-952B-03422425731B}.Debug|Any CPU.ActiveCfg = Debug|Any CPU
		{069F40B8-4157-4ED0-952B-03422425731B}.Debug|Any CPU.Build.0 = Debug|Any CPU
		{069F40B8-4157-4ED0-952B-03422425731B}.Debug|x64.ActiveCfg = Debug|Any CPU
		{069F40B8-4157-4ED0-952B-03422425731B}.Debug|x64.Build.0 = Debug|Any CPU
		{069F40B8-4157-4ED0-952B-03422425731B}.Debug|x86.ActiveCfg = Debug|Any CPU
		{069F40B8-4157-4ED0-952B-03422425731B}.Debug|x86.Build.0 = Debug|Any CPU
		{069F40B8-4157-4ED0-952B-03422425731B}.Release|Any CPU.ActiveCfg = Release|Any CPU
		{069F40B8-4157-4ED0-952B-03422425731B}.Release|Any CPU.Build.0 = Release|Any CPU
		{069F40B8-4157-4ED0-952B-03422425731B}.Release|x64.ActiveCfg = Release|Any CPU
		{069F40B8-4157-4ED0-952B-03422425731B}.Release|x64.Build.0 = Release|Any CPU
		{069F40B8-4157-4ED0-952B-03422425731B}.Release|x86.ActiveCfg = Release|Any CPU
		{069F40B8-4157-4ED0-952B-03422425731B}.Release|x86.Build.0 = Release|Any CPU
		{0AF46B70-DE0B-462D-AB12-B88E3A69A7B7}.Debug|Any CPU.ActiveCfg = Debug|Any CPU
		{0AF46B70-DE0B-462D-AB12-B88E3A69A7B7}.Debug|Any CPU.Build.0 = Debug|Any CPU
		{0AF46B70-DE0B-462D-AB12-B88E3A69A7B7}.Debug|x64.ActiveCfg = Debug|Any CPU
		{0AF46B70-DE0B-462D-AB12-B88E3A69A7B7}.Debug|x64.Build.0 = Debug|Any CPU
		{0AF46B70-DE0B-462D-AB12-B88E3A69A7B7}.Debug|x86.ActiveCfg = Debug|Any CPU
		{0AF46B70-DE0B-462D-AB12-B88E3A69A7B7}.Debug|x86.Build.0 = Debug|Any CPU
		{0AF46B70-DE0B-462D-AB12-B88E3A69A7B7}.Release|Any CPU.ActiveCfg = Release|Any CPU
		{0AF46B70-DE0B-462D-AB12-B88E3A69A7B7}.Release|Any CPU.Build.0 = Release|Any CPU
		{0AF46B70-DE0B-462D-AB12-B88E3A69A7B7}.Release|x64.ActiveCfg = Release|Any CPU
		{0AF46B70-DE0B-462D-AB12-B88E3A69A7B7}.Release|x64.Build.0 = Release|Any CPU
		{0AF46B70-DE0B-462D-AB12-B88E3A69A7B7}.Release|x86.ActiveCfg = Release|Any CPU
		{0AF46B70-DE0B-462D-AB12-B88E3A69A7B7}.Release|x86.Build.0 = Release|Any CPU
		{AA48E623-CECE-4D85-9DC8-8DE645FB6445}.Debug|Any CPU.ActiveCfg = Debug|Any CPU
		{AA48E623-CECE-4D85-9DC8-8DE645FB6445}.Debug|Any CPU.Build.0 = Debug|Any CPU
		{AA48E623-CECE-4D85-9DC8-8DE645FB6445}.Debug|x64.ActiveCfg = Debug|Any CPU
		{AA48E623-CECE-4D85-9DC8-8DE645FB6445}.Debug|x64.Build.0 = Debug|Any CPU
		{AA48E623-CECE-4D85-9DC8-8DE645FB6445}.Debug|x86.ActiveCfg = Debug|Any CPU
		{AA48E623-CECE-4D85-9DC8-8DE645FB6445}.Debug|x86.Build.0 = Debug|Any CPU
		{AA48E623-CECE-4D85-9DC8-8DE645FB6445}.Release|Any CPU.ActiveCfg = Release|Any CPU
		{AA48E623-CECE-4D85-9DC8-8DE645FB6445}.Release|Any CPU.Build.0 = Release|Any CPU
		{AA48E623-CECE-4D85-9DC8-8DE645FB6445}.Release|x64.ActiveCfg = Release|Any CPU
		{AA48E623-CECE-4D85-9DC8-8DE645FB6445}.Release|x64.Build.0 = Release|Any CPU
		{AA48E623-CECE-4D85-9DC8-8DE645FB6445}.Release|x86.ActiveCfg = Release|Any CPU
		{AA48E623-CECE-4D85-9DC8-8DE645FB6445}.Release|x86.Build.0 = Release|Any CPU
	EndGlobalSection
	GlobalSection(SolutionProperties) = preSolution
		HideSolutionNode = FALSE
	EndGlobalSection
	GlobalSection(NestedProjects) = preSolution
		{2B89B251-6E3F-4F49-BCF5-3977B609660A} = {07C2787E-EAC7-C090-1BA3-A61EC2A24D84}
		{B071DAF2-0661-41DF-BBE6-C53C37B8C26A} = {07C2787E-EAC7-C090-1BA3-A61EC2A24D84}
		{B86BF3EF-C940-4999-AA8F-E9183284EA2D} = {07C2787E-EAC7-C090-1BA3-A61EC2A24D84}
		{10B8CE83-FBA9-4DDA-ABFE-8353FCBDD831} = {07C2787E-EAC7-C090-1BA3-A61EC2A24D84}
		{B64F4757-7E59-42AE-A0CF-5442554A563C} = {07C2787E-EAC7-C090-1BA3-A61EC2A24D84}
		{FE7FD6D3-DCBC-449A-893E-DD2A6D75932D} = {07C2787E-EAC7-C090-1BA3-A61EC2A24D84}
		{D29D89F4-B614-4508-A5C9-923D3A9BA6C7} = {07C2787E-EAC7-C090-1BA3-A61EC2A24D84}
		{AA48E623-CECE-4D85-9DC8-8DE645FB6445} = {07C2787E-EAC7-C090-1BA3-A61EC2A24D84}
	EndGlobalSection
	GlobalSection(ExtensibilityGlobals) = postSolution
		SolutionGuid = {4A1AC67A-F693-4406-8377-D9F03947D973}
	EndGlobalSection
EndGlobal
