Microsoft Visual Studio Solution File, Format Version 12.00
# Visual Studio Version 17
VisualStudioVersion = 17.11.35312.102
MinimumVisualStudioVersion = 10.0.40219.1
Project("{FAE04EC0-301F-11D3-BF4B-00C04F79EFBC}") = "SharpProof.Package", "SharpProof.Package\SharpProof.Package.csproj", "{5202DFF7-F5F6-44E6-8215-C819A84D1160}"
EndProject
Project("{FAE04EC0-301F-11D3-BF4B-00C04F79EFBC}") = "SharpProof.Verifier.Win-x64", "SharpProof.Verifier.Win-x64\SharpProof.Verifier.Win-x64.csproj", "{6997D2DE-9A77-4BF4-9E3C-BC8346D3FFC5}"
EndProject
Project("{FAE04EC0-301F-11D3-BF4B-00C04F79EFBC}") = "SharpProof.BuildTasks", "SharpProof.BuildTasks\SharpProof.BuildTasks.csproj", "{E9D8F74B-2E6A-42B6-9A60-7B7642C1DB42}"
EndProject
Project("{FAE04EC0-301F-11D3-BF4B-00C04F79EFBC}") = "SharpProof.Attributes", "SharpProof.Attributes\SharpProof.Attributes.csproj", "{F56D9622-9F43-49FD-94D5-8737ED2D1804}"
EndProject
Project("{FAE04EC0-301F-11D3-BF4B-00C04F79EFBC}") = "SharpProof.Analyzer", "SharpProof.Analyzer\SharpProof.Analyzer.csproj", "{5852273E-89C2-4FAC-9FE0-89D4DD39432B}"
EndProject
Project("{FAE04EC0-301F-11D3-BF4B-00C04F79EFBC}") = "SharpProof.Analyzer.Core", "SharpProof.Analyzer.Core\SharpProof.Analyzer.Core.csproj", "{B43813C5-5614-41EF-A2F8-6E82F751D2EC}"
EndProject
Project("{FAE04EC0-301F-11D3-BF4B-00C04F79EFBC}") = "SharpProof.Smoke.Net472", "SharpProof.Smoke.Net472\SharpProof.Smoke.Net472.csproj", "{68FFBFC4-27CA-4316-A9B5-4502E0063031}"
EndProject
Project("{FAE04EC0-301F-11D3-BF4B-00C04F79EFBC}") = "SharpProof.Ir", "SharpProof.Ir\SharpProof.Ir.csproj", "{76BAE84A-3A18-4A61-9C84-C5996901D4D9}"
EndProject
Project("{FAE04EC0-301F-11D3-BF4B-00C04F79EFBC}") = "SharpProof.Ir.Test", "SharpProof.Ir.Test\SharpProof.Ir.Test.csproj", "{A8C250E6-678B-4DD6-8C33-61F937A3840F}"
EndProject
Project("{FAE04EC0-301F-11D3-BF4B-00C04F79EFBC}") = "SharpProof.Summaries", "SharpProof.Summaries\SharpProof.Summaries.csproj", "{2A7C961B-C85A-4F66-990D-460B05305154}"
EndProject
Project("{FAE04EC0-301F-11D3-BF4B-00C04F79EFBC}") = "SharpProof.Summaries.Test", "SharpProof.Summaries.Test\SharpProof.Summaries.Test.csproj", "{EB05E03F-E183-470B-8D34-56900F9FF857}"
EndProject
Project("{FAE04EC0-301F-11D3-BF4B-00C04F79EFBC}") = "SharpProof.Specs", "SharpProof.Specs\SharpProof.Specs.csproj", "{91F0FAB2-4547-45EA-BF2F-7669875FC43B}"
EndProject
Project("{FAE04EC0-301F-11D3-BF4B-00C04F79EFBC}") = "SharpProof.Specs.Test", "SharpProof.Specs.Test\SharpProof.Specs.Test.csproj", "{3393C2C2-9479-4DDF-96C6-28CA6646C7D2}"
EndProject
Project("{FAE04EC0-301F-11D3-BF4B-00C04F79EFBC}") = "SharpProof.Dataflow", "SharpProof.Dataflow\SharpProof.Dataflow.csproj", "{4801B5F1-A788-4903-890F-FCDF643EE3D9}"
EndProject
Project("{FAE04EC0-301F-11D3-BF4B-00C04F79EFBC}") = "SharpProof.Dataflow.Test", "SharpProof.Dataflow.Test\SharpProof.Dataflow.Test.csproj", "{C4FF6EB0-1FD3-4FFE-A35A-F3BD4B7D5F5C}"
EndProject
Project("{FAE04EC0-301F-11D3-BF4B-00C04F79EFBC}") = "SharpProof.Frontend", "SharpProof.Frontend\SharpProof.Frontend.csproj", "{DD04B0A0-BAED-4F97-8BC2-459EDE2AAA72}"
EndProject
Project("{FAE04EC0-301F-11D3-BF4B-00C04F79EFBC}") = "SharpProof.Frontend.Test", "SharpProof.Frontend.Test\SharpProof.Frontend.Test.csproj", "{64B3C3C0-BEB4-4337-B3B8-6EBD94196C4D}"
EndProject
Project("{FAE04EC0-301F-11D3-BF4B-00C04F79EFBC}") = "SharpProof.Verify", "SharpProof.Verify\SharpProof.Verify.csproj", "{13D585DD-509A-41F0-8523-4220DBC13583}"
EndProject
Project("{FAE04EC0-301F-11D3-BF4B-00C04F79EFBC}") = "SharpProof.Verify.Test", "SharpProof.Verify.Test\SharpProof.Verify.Test.csproj", "{5CDB816A-7D79-4813-81DA-DBB3C5A3C98F}"
EndProject
Project("{FAE04EC0-301F-11D3-BF4B-00C04F79EFBC}") = "SharpProof.Smt", "SharpProof.Smt\SharpProof.Smt.csproj", "{92B30773-97A1-4B56-A0A5-337591BF9ECD}"
EndProject
Project("{FAE04EC0-301F-11D3-BF4B-00C04F79EFBC}") = "SharpProof.Smt.Test", "SharpProof.Smt.Test\SharpProof.Smt.Test.csproj", "{F8E6AA5A-3E66-46E9-A4F4-356AC6A1143B}"
EndProject
Project("{FAE04EC0-301F-11D3-BF4B-00C04F79EFBC}") = "SharpProof.Contracts", "SharpProof.Contracts\SharpProof.Contracts.csproj", "{69789400-477B-40B6-9C86-A3E572FBD263}"
EndProject
Project("{FAE04EC0-301F-11D3-BF4B-00C04F79EFBC}") = "SharpProof.Contracts.Test", "SharpProof.Contracts.Test\SharpProof.Contracts.Test.csproj", "{C28977BD-5D6D-4B63-AC73-5A7DCE240247}"
EndProject
Project("{FAE04EC0-301F-11D3-BF4B-00C04F79EFBC}") = "SharpProof.Effects", "SharpProof.Effects\SharpProof.Effects.csproj", "{051A5972-2E99-44F8-BA5D-30968A083F0F}"
EndProject
Project("{FAE04EC0-301F-11D3-BF4B-00C04F79EFBC}") = "SharpProof.Effects.Test", "SharpProof.Effects.Test\SharpProof.Effects.Test.csproj", "{2CE514CE-C951-4CF8-BC1D-ED63F17DAEC4}"
EndProject
Project("{FAE04EC0-301F-11D3-BF4B-00C04F79EFBC}") = "SharpProof.ArchitectureTest", "SharpProof.ArchitectureTest\SharpProof.ArchitectureTest.csproj", "{FAE3F838-E43F-46AE-805E-4141B76F3125}"
EndProject
Project("{FAE04EC0-301F-11D3-BF4B-00C04F79EFBC}") = "SharpProof.Meta.Analyzers", "SharpProof.Meta.Analyzers\SharpProof.Meta.Analyzers.csproj", "{8CE11E6D-EE60-4535-AD19-B28706FEE6A1}"
EndProject
Project("{FAE04EC0-301F-11D3-BF4B-00C04F79EFBC}") = "SharpProof.Meta.Analyzers.Test", "SharpProof.Meta.Analyzers.Test\SharpProof.Meta.Analyzers.Test.csproj", "{851D90FC-9C37-4280-B69D-B1F8C5EE832F}"
EndProject
Project("{FAE04EC0-301F-11D3-BF4B-00C04F79EFBC}") = "SharpProof.Testing", "SharpProof.Testing\SharpProof.Testing.csproj", "{6BDF89D5-B198-40BD-8A2F-480C5D76B447}"
EndProject
Project("{FAE04EC0-301F-11D3-BF4B-00C04F79EFBC}") = "SharpProof.Testing.Test", "SharpProof.Testing.Test\SharpProof.Testing.Test.csproj", "{9D7101EE-B26C-4109-9E63-B31380D272FA}"
EndProject
Project("{FAE04EC0-301F-11D3-BF4B-00C04F79EFBC}") = "SharpProof.Fuzz", "Tools\SharpProof.Fuzz\SharpProof.Fuzz.csproj", "{027614C7-2A53-4E07-8339-192C7D0136D0}"
EndProject
Project("{FAE04EC0-301F-11D3-BF4B-00C04F79EFBC}") = "SharpProof.Fuzz.Test", "SharpProof.Fuzz.Test\SharpProof.Fuzz.Test.csproj", "{742C9C2A-4464-4869-A83A-F410A1BDD874}"
EndProject
Project("{FAE04EC0-301F-11D3-BF4B-00C04F79EFBC}") = "SharpProof.Worker.Protocol", "SharpProof.Worker.Protocol\SharpProof.Worker.Protocol.csproj", "{36F97523-EB92-4CE1-AD4B-273D80CF537B}"
EndProject
Project("{FAE04EC0-301F-11D3-BF4B-00C04F79EFBC}") = "SharpProof.CompilerArtifact", "SharpProof.CompilerArtifact\SharpProof.CompilerArtifact.csproj", "{129E08E0-044D-4A3B-85A7-39FA20DC009A}"
EndProject
Project("{FAE04EC0-301F-11D3-BF4B-00C04F79EFBC}") = "SharpProof.CompilerCollector", "SharpProof.CompilerCollector\SharpProof.CompilerCollector.csproj", "{D1806F5A-79C9-4C14-84D6-68D21447A2F1}"
EndProject
Project("{FAE04EC0-301F-11D3-BF4B-00C04F79EFBC}") = "SharpProof.PortableAnalyzer", "SharpProof.PortableAnalyzer\SharpProof.PortableAnalyzer.csproj", "{A4E4B743-774B-4381-9FB5-736F867C0CF6}"
EndProject
Project("{FAE04EC0-301F-11D3-BF4B-00C04F79EFBC}") = "SharpProof.Worker", "SharpProof.Worker\SharpProof.Worker.csproj", "{99FD7C4B-043E-482A-A031-6B5314BC914B}"
EndProject
Project("{FAE04EC0-301F-11D3-BF4B-00C04F79EFBC}") = "SharpProof.Worker.Test", "SharpProof.Worker.Test\SharpProof.Worker.Test.csproj", "{574928DB-1543-464A-9D37-5134DF04EEE5}"
EndProject
Project("{FAE04EC0-301F-11D3-BF4B-00C04F79EFBC}") = "SharpProof.Attributes.Test", "SharpProof.Attributes.Test\SharpProof.Attributes.Test.csproj", "{B1144739-8324-4A6C-B9F8-71D42A19111B}"
EndProject
Project("{FAE04EC0-301F-11D3-BF4B-00C04F79EFBC}") = "SharpProof.Analyzer.Test", "SharpProof.Analyzer.Test\SharpProof.Analyzer.Test.csproj", "{4CED69BB-71DC-41C1-9168-90A82513A663}"
EndProject
Project("{FAE04EC0-301F-11D3-BF4B-00C04F79EFBC}") = "SharpProof.ContractForGenerator", "SharpProof.ContractForGenerator\SharpProof.ContractForGenerator.csproj", "{9B447C17-9774-4A2F-AEDC-1714E97A0357}"
EndProject
Project("{FAE04EC0-301F-11D3-BF4B-00C04F79EFBC}") = "SharpProof.ContractForGenerator.Test", "SharpProof.ContractForGenerator.Test\SharpProof.ContractForGenerator.Test.csproj", "{FACF233E-8051-4C57-9397-075816B9F917}"
EndProject
Project("{FAE04EC0-301F-11D3-BF4B-00C04F79EFBC}") = "SharpProof.Worker.Launcher", "SharpProof.Worker.Launcher\SharpProof.Worker.Launcher.csproj", "{5151EA0C-0DE3-4C90-ADDA-2D81779502D1}"
EndProject
Project("{FAE04EC0-301F-11D3-BF4B-00C04F79EFBC}") = "SharpProof.Package.Test", "SharpProof.Package.Test\SharpProof.Package.Test.csproj", "{038FCA09-897E-400F-B083-79CB0416BC87}"
EndProject
Project("{FAE04EC0-301F-11D3-BF4B-00C04F79EFBC}") = "SharpProof.Gates", "SharpProof.Gates\SharpProof.Gates.csproj", "{B43C703C-1A83-41F9-B7A8-B8708D074720}"
EndProject
Project("{FAE04EC0-301F-11D3-BF4B-00C04F79EFBC}") = "SharpProof.Gates.Test", "SharpProof.Gates.Test\SharpProof.Gates.Test.csproj", "{59644792-68BF-4416-9B73-681E95074515}"
EndProject
Project("{FAE04EC0-301F-11D3-BF4B-00C04F79EFBC}") = "SharpProof.CompilerProbe.TestAsset", "SharpProof.CompilerProbe.TestAsset\SharpProof.CompilerProbe.TestAsset.csproj", "{278ABED7-47E5-44AA-9D9C-4494A7AC8D62}"
EndProject
Global
	GlobalSection(SolutionConfigurationPlatforms) = preSolution
		Debug|Any CPU = Debug|Any CPU
		Release|Any CPU = Release|Any CPU
	EndGlobalSection
	GlobalSection(ProjectConfigurationPlatforms) = postSolution
		{2A7C961B-C85A-4F66-990D-460B05305154}.Debug|Any CPU.ActiveCfg = Debug|Any CPU
		{2A7C961B-C85A-4F66-990D-460B05305154}.Debug|Any CPU.Build.0 = Debug|Any CPU
		{2A7C961B-C85A-4F66-990D-460B05305154}.Release|Any CPU.ActiveCfg = Release|Any CPU
		{2A7C961B-C85A-4F66-990D-460B05305154}.Release|Any CPU.Build.0 = Release|Any CPU
		{EB05E03F-E183-470B-8D34-56900F9FF857}.Debug|Any CPU.ActiveCfg = Debug|Any CPU
		{EB05E03F-E183-470B-8D34-56900F9FF857}.Debug|Any CPU.Build.0 = Debug|Any CPU
		{EB05E03F-E183-470B-8D34-56900F9FF857}.Release|Any CPU.ActiveCfg = Release|Any CPU
		{EB05E03F-E183-470B-8D34-56900F9FF857}.Release|Any CPU.Build.0 = Release|Any CPU
		{E9D8F74B-2E6A-42B6-9A60-7B7642C1DB42}.Debug|Any CPU.ActiveCfg = Debug|Any CPU
		{E9D8F74B-2E6A-42B6-9A60-7B7642C1DB42}.Debug|Any CPU.Build.0 = Debug|Any CPU
		{E9D8F74B-2E6A-42B6-9A60-7B7642C1DB42}.Release|Any CPU.ActiveCfg = Release|Any CPU
		{E9D8F74B-2E6A-42B6-9A60-7B7642C1DB42}.Release|Any CPU.Build.0 = Release|Any CPU
		{5202DFF7-F5F6-44E6-8215-C819A84D1160}.Debug|Any CPU.ActiveCfg = Debug|Any CPU
		{5202DFF7-F5F6-44E6-8215-C819A84D1160}.Debug|Any CPU.Build.0 = Debug|Any CPU
		{5202DFF7-F5F6-44E6-8215-C819A84D1160}.Release|Any CPU.ActiveCfg = Release|Any CPU
		{5202DFF7-F5F6-44E6-8215-C819A84D1160}.Release|Any CPU.Build.0 = Release|Any CPU
		{6997D2DE-9A77-4BF4-9E3C-BC8346D3FFC5}.Debug|Any CPU.ActiveCfg = Debug|Any CPU
		{6997D2DE-9A77-4BF4-9E3C-BC8346D3FFC5}.Debug|Any CPU.Build.0 = Debug|Any CPU
		{6997D2DE-9A77-4BF4-9E3C-BC8346D3FFC5}.Release|Any CPU.ActiveCfg = Release|Any CPU
		{6997D2DE-9A77-4BF4-9E3C-BC8346D3FFC5}.Release|Any CPU.Build.0 = Release|Any CPU
		{F56D9622-9F43-49FD-94D5-8737ED2D1804}.Debug|Any CPU.ActiveCfg = Debug|Any CPU
		{F56D9622-9F43-49FD-94D5-8737ED2D1804}.Debug|Any CPU.Build.0 = Debug|Any CPU
		{F56D9622-9F43-49FD-94D5-8737ED2D1804}.Release|Any CPU.ActiveCfg = Release|Any CPU
		{F56D9622-9F43-49FD-94D5-8737ED2D1804}.Release|Any CPU.Build.0 = Release|Any CPU
		{5852273E-89C2-4FAC-9FE0-89D4DD39432B}.Debug|Any CPU.ActiveCfg = Debug|Any CPU
		{5852273E-89C2-4FAC-9FE0-89D4DD39432B}.Debug|Any CPU.Build.0 = Debug|Any CPU
		{5852273E-89C2-4FAC-9FE0-89D4DD39432B}.Release|Any CPU.ActiveCfg = Release|Any CPU
		{5852273E-89C2-4FAC-9FE0-89D4DD39432B}.Release|Any CPU.Build.0 = Release|Any CPU
		{B43813C5-5614-41EF-A2F8-6E82F751D2EC}.Debug|Any CPU.ActiveCfg = Debug|Any CPU
		{B43813C5-5614-41EF-A2F8-6E82F751D2EC}.Debug|Any CPU.Build.0 = Debug|Any CPU
		{B43813C5-5614-41EF-A2F8-6E82F751D2EC}.Release|Any CPU.ActiveCfg = Release|Any CPU
		{B43813C5-5614-41EF-A2F8-6E82F751D2EC}.Release|Any CPU.Build.0 = Release|Any CPU
		{68FFBFC4-27CA-4316-A9B5-4502E0063031}.Debug|Any CPU.ActiveCfg = Debug|Any CPU
		{68FFBFC4-27CA-4316-A9B5-4502E0063031}.Debug|Any CPU.Build.0 = Debug|Any CPU
		{68FFBFC4-27CA-4316-A9B5-4502E0063031}.Release|Any CPU.ActiveCfg = Release|Any CPU
		{68FFBFC4-27CA-4316-A9B5-4502E0063031}.Release|Any CPU.Build.0 = Release|Any CPU
		{76BAE84A-3A18-4A61-9C84-C5996901D4D9}.Debug|Any CPU.ActiveCfg = Debug|Any CPU
		{76BAE84A-3A18-4A61-9C84-C5996901D4D9}.Debug|Any CPU.Build.0 = Debug|Any CPU
		{76BAE84A-3A18-4A61-9C84-C5996901D4D9}.Release|Any CPU.ActiveCfg = Release|Any CPU
		{76BAE84A-3A18-4A61-9C84-C5996901D4D9}.Release|Any CPU.Build.0 = Release|Any CPU
		{A8C250E6-678B-4DD6-8C33-61F937A3840F}.Debug|Any CPU.ActiveCfg = Debug|Any CPU
		{A8C250E6-678B-4DD6-8C33-61F937A3840F}.Debug|Any CPU.Build.0 = Debug|Any CPU
		{A8C250E6-678B-4DD6-8C33-61F937A3840F}.Release|Any CPU.ActiveCfg = Release|Any CPU
		{A8C250E6-678B-4DD6-8C33-61F937A3840F}.Release|Any CPU.Build.0 = Release|Any CPU
		{91F0FAB2-4547-45EA-BF2F-7669875FC43B}.Debug|Any CPU.ActiveCfg = Debug|Any CPU
		{91F0FAB2-4547-45EA-BF2F-7669875FC43B}.Debug|Any CPU.Build.0 = Debug|Any CPU
		{91F0FAB2-4547-45EA-BF2F-7669875FC43B}.Release|Any CPU.ActiveCfg = Release|Any CPU
		{91F0FAB2-4547-45EA-BF2F-7669875FC43B}.Release|Any CPU.Build.0 = Release|Any CPU
		{3393C2C2-9479-4DDF-96C6-28CA6646C7D2}.Debug|Any CPU.ActiveCfg = Debug|Any CPU
		{3393C2C2-9479-4DDF-96C6-28CA6646C7D2}.Debug|Any CPU.Build.0 = Debug|Any CPU
		{3393C2C2-9479-4DDF-96C6-28CA6646C7D2}.Release|Any CPU.ActiveCfg = Release|Any CPU
		{3393C2C2-9479-4DDF-96C6-28CA6646C7D2}.Release|Any CPU.Build.0 = Release|Any CPU
		{4801B5F1-A788-4903-890F-FCDF643EE3D9}.Debug|Any CPU.ActiveCfg = Debug|Any CPU
		{4801B5F1-A788-4903-890F-FCDF643EE3D9}.Debug|Any CPU.Build.0 = Debug|Any CPU
		{4801B5F1-A788-4903-890F-FCDF643EE3D9}.Release|Any CPU.ActiveCfg = Release|Any CPU
		{4801B5F1-A788-4903-890F-FCDF643EE3D9}.Release|Any CPU.Build.0 = Release|Any CPU
		{C4FF6EB0-1FD3-4FFE-A35A-F3BD4B7D5F5C}.Debug|Any CPU.ActiveCfg = Debug|Any CPU
		{C4FF6EB0-1FD3-4FFE-A35A-F3BD4B7D5F5C}.Debug|Any CPU.Build.0 = Debug|Any CPU
		{C4FF6EB0-1FD3-4FFE-A35A-F3BD4B7D5F5C}.Release|Any CPU.ActiveCfg = Release|Any CPU
		{C4FF6EB0-1FD3-4FFE-A35A-F3BD4B7D5F5C}.Release|Any CPU.Build.0 = Release|Any CPU
		{DD04B0A0-BAED-4F97-8BC2-459EDE2AAA72}.Debug|Any CPU.ActiveCfg = Debug|Any CPU
		{DD04B0A0-BAED-4F97-8BC2-459EDE2AAA72}.Debug|Any CPU.Build.0 = Debug|Any CPU
		{DD04B0A0-BAED-4F97-8BC2-459EDE2AAA72}.Release|Any CPU.ActiveCfg = Release|Any CPU
		{DD04B0A0-BAED-4F97-8BC2-459EDE2AAA72}.Release|Any CPU.Build.0 = Release|Any CPU
		{64B3C3C0-BEB4-4337-B3B8-6EBD94196C4D}.Debug|Any CPU.ActiveCfg = Debug|Any CPU
		{64B3C3C0-BEB4-4337-B3B8-6EBD94196C4D}.Debug|Any CPU.Build.0 = Debug|Any CPU
		{64B3C3C0-BEB4-4337-B3B8-6EBD94196C4D}.Release|Any CPU.ActiveCfg = Release|Any CPU
		{64B3C3C0-BEB4-4337-B3B8-6EBD94196C4D}.Release|Any CPU.Build.0 = Release|Any CPU
		{13D585DD-509A-41F0-8523-4220DBC13583}.Debug|Any CPU.ActiveCfg = Debug|Any CPU
		{13D585DD-509A-41F0-8523-4220DBC13583}.Debug|Any CPU.Build.0 = Debug|Any CPU
		{13D585DD-509A-41F0-8523-4220DBC13583}.Release|Any CPU.ActiveCfg = Release|Any CPU
		{13D585DD-509A-41F0-8523-4220DBC13583}.Release|Any CPU.Build.0 = Release|Any CPU
		{5CDB816A-7D79-4813-81DA-DBB3C5A3C98F}.Debug|Any CPU.ActiveCfg = Debug|Any CPU
		{5CDB816A-7D79-4813-81DA-DBB3C5A3C98F}.Debug|Any CPU.Build.0 = Debug|Any CPU
		{5CDB816A-7D79-4813-81DA-DBB3C5A3C98F}.Release|Any CPU.ActiveCfg = Release|Any CPU
		{5CDB816A-7D79-4813-81DA-DBB3C5A3C98F}.Release|Any CPU.Build.0 = Release|Any CPU
		{92B30773-97A1-4B56-A0A5-337591BF9ECD}.Debug|Any CPU.ActiveCfg = Debug|Any CPU
		{92B30773-97A1-4B56-A0A5-337591BF9ECD}.Debug|Any CPU.Build.0 = Debug|Any CPU
		{92B30773-97A1-4B56-A0A5-337591BF9ECD}.Release|Any CPU.ActiveCfg = Release|Any CPU
		{92B30773-97A1-4B56-A0A5-337591BF9ECD}.Release|Any CPU.Build.0 = Release|Any CPU
		{F8E6AA5A-3E66-46E9-A4F4-356AC6A1143B}.Debug|Any CPU.ActiveCfg = Debug|Any CPU
		{F8E6AA5A-3E66-46E9-A4F4-356AC6A1143B}.Debug|Any CPU.Build.0 = Debug|Any CPU
		{F8E6AA5A-3E66-46E9-A4F4-356AC6A1143B}.Release|Any CPU.ActiveCfg = Release|Any CPU
		{F8E6AA5A-3E66-46E9-A4F4-356AC6A1143B}.Release|Any CPU.Build.0 = Release|Any CPU
		{69789400-477B-40B6-9C86-A3E572FBD263}.Debug|Any CPU.ActiveCfg = Debug|Any CPU
		{69789400-477B-40B6-9C86-A3E572FBD263}.Debug|Any CPU.Build.0 = Debug|Any CPU
		{69789400-477B-40B6-9C86-A3E572FBD263}.Release|Any CPU.ActiveCfg = Release|Any CPU
		{69789400-477B-40B6-9C86-A3E572FBD263}.Release|Any CPU.Build.0 = Release|Any CPU
		{C28977BD-5D6D-4B63-AC73-5A7DCE240247}.Debug|Any CPU.ActiveCfg = Debug|Any CPU
		{C28977BD-5D6D-4B63-AC73-5A7DCE240247}.Debug|Any CPU.Build.0 = Debug|Any CPU
		{C28977BD-5D6D-4B63-AC73-5A7DCE240247}.Release|Any CPU.ActiveCfg = Release|Any CPU
		{C28977BD-5D6D-4B63-AC73-5A7DCE240247}.Release|Any CPU.Build.0 = Release|Any CPU
		{051A5972-2E99-44F8-BA5D-30968A083F0F}.Debug|Any CPU.ActiveCfg = Debug|Any CPU
		{051A5972-2E99-44F8-BA5D-30968A083F0F}.Debug|Any CPU.Build.0 = Debug|Any CPU
		{051A5972-2E99-44F8-BA5D-30968A083F0F}.Release|Any CPU.ActiveCfg = Release|Any CPU
		{051A5972-2E99-44F8-BA5D-30968A083F0F}.Release|Any CPU.Build.0 = Release|Any CPU
		{2CE514CE-C951-4CF8-BC1D-ED63F17DAEC4}.Debug|Any CPU.ActiveCfg = Debug|Any CPU
		{2CE514CE-C951-4CF8-BC1D-ED63F17DAEC4}.Debug|Any CPU.Build.0 = Debug|Any CPU
		{2CE514CE-C951-4CF8-BC1D-ED63F17DAEC4}.Release|Any CPU.ActiveCfg = Release|Any CPU
		{2CE514CE-C951-4CF8-BC1D-ED63F17DAEC4}.Release|Any CPU.Build.0 = Release|Any CPU
		{FAE3F838-E43F-46AE-805E-4141B76F3125}.Debug|Any CPU.ActiveCfg = Debug|Any CPU
		{FAE3F838-E43F-46AE-805E-4141B76F3125}.Debug|Any CPU.Build.0 = Debug|Any CPU
		{FAE3F838-E43F-46AE-805E-4141B76F3125}.Release|Any CPU.ActiveCfg = Release|Any CPU
		{FAE3F838-E43F-46AE-805E-4141B76F3125}.Release|Any CPU.Build.0 = Release|Any CPU
		{8CE11E6D-EE60-4535-AD19-B28706FEE6A1}.Debug|Any CPU.ActiveCfg = Debug|Any CPU
		{8CE11E6D-EE60-4535-AD19-B28706FEE6A1}.Debug|Any CPU.Build.0 = Debug|Any CPU
		{8CE11E6D-EE60-4535-AD19-B28706FEE6A1}.Release|Any CPU.ActiveCfg = Release|Any CPU
		{8CE11E6D-EE60-4535-AD19-B28706FEE6A1}.Release|Any CPU.Build.0 = Release|Any CPU
		{851D90FC-9C37-4280-B69D-B1F8C5EE832F}.Debug|Any CPU.ActiveCfg = Debug|Any CPU
		{851D90FC-9C37-4280-B69D-B1F8C5EE832F}.Debug|Any CPU.Build.0 = Debug|Any CPU
		{851D90FC-9C37-4280-B69D-B1F8C5EE832F}.Release|Any CPU.ActiveCfg = Release|Any CPU
		{851D90FC-9C37-4280-B69D-B1F8C5EE832F}.Release|Any CPU.Build.0 = Release|Any CPU
		{6BDF89D5-B198-40BD-8A2F-480C5D76B447}.Debug|Any CPU.ActiveCfg = Debug|Any CPU
		{6BDF89D5-B198-40BD-8A2F-480C5D76B447}.Debug|Any CPU.Build.0 = Debug|Any CPU
		{6BDF89D5-B198-40BD-8A2F-480C5D76B447}.Release|Any CPU.ActiveCfg = Release|Any CPU
		{6BDF89D5-B198-40BD-8A2F-480C5D76B447}.Release|Any CPU.Build.0 = Release|Any CPU
		{9D7101EE-B26C-4109-9E63-B31380D272FA}.Debug|Any CPU.ActiveCfg = Debug|Any CPU
		{9D7101EE-B26C-4109-9E63-B31380D272FA}.Debug|Any CPU.Build.0 = Debug|Any CPU
		{9D7101EE-B26C-4109-9E63-B31380D272FA}.Release|Any CPU.ActiveCfg = Release|Any CPU
		{9D7101EE-B26C-4109-9E63-B31380D272FA}.Release|Any CPU.Build.0 = Release|Any CPU
		{027614C7-2A53-4E07-8339-192C7D0136D0}.Debug|Any CPU.ActiveCfg = Debug|Any CPU
		{027614C7-2A53-4E07-8339-192C7D0136D0}.Debug|Any CPU.Build.0 = Debug|Any CPU
		{027614C7-2A53-4E07-8339-192C7D0136D0}.Release|Any CPU.ActiveCfg = Release|Any CPU
		{027614C7-2A53-4E07-8339-192C7D0136D0}.Release|Any CPU.Build.0 = Release|Any CPU
		{742C9C2A-4464-4869-A83A-F410A1BDD874}.Debug|Any CPU.ActiveCfg = Debug|Any CPU
		{742C9C2A-4464-4869-A83A-F410A1BDD874}.Debug|Any CPU.Build.0 = Debug|Any CPU
		{742C9C2A-4464-4869-A83A-F410A1BDD874}.Release|Any CPU.ActiveCfg = Release|Any CPU
		{742C9C2A-4464-4869-A83A-F410A1BDD874}.Release|Any CPU.Build.0 = Release|Any CPU
		{36F97523-EB92-4CE1-AD4B-273D80CF537B}.Debug|Any CPU.ActiveCfg = Debug|Any CPU
		{36F97523-EB92-4CE1-AD4B-273D80CF537B}.Debug|Any CPU.Build.0 = Debug|Any CPU
		{36F97523-EB92-4CE1-AD4B-273D80CF537B}.Release|Any CPU.ActiveCfg = Release|Any CPU
		{36F97523-EB92-4CE1-AD4B-273D80CF537B}.Release|Any CPU.Build.0 = Release|Any CPU
		{129E08E0-044D-4A3B-85A7-39FA20DC009A}.Debug|Any CPU.ActiveCfg = Debug|Any CPU
		{129E08E0-044D-4A3B-85A7-39FA20DC009A}.Debug|Any CPU.Build.0 = Debug|Any CPU
		{129E08E0-044D-4A3B-85A7-39FA20DC009A}.Release|Any CPU.ActiveCfg = Release|Any CPU
		{129E08E0-044D-4A3B-85A7-39FA20DC009A}.Release|Any CPU.Build.0 = Release|Any CPU
		{D1806F5A-79C9-4C14-84D6-68D21447A2F1}.Debug|Any CPU.ActiveCfg = Debug|Any CPU
		{D1806F5A-79C9-4C14-84D6-68D21447A2F1}.Debug|Any CPU.Build.0 = Debug|Any CPU
		{D1806F5A-79C9-4C14-84D6-68D21447A2F1}.Release|Any CPU.ActiveCfg = Release|Any CPU
		{D1806F5A-79C9-4C14-84D6-68D21447A2F1}.Release|Any CPU.Build.0 = Release|Any CPU
		{A4E4B743-774B-4381-9FB5-736F867C0CF6}.Debug|Any CPU.ActiveCfg = Debug|Any CPU
		{A4E4B743-774B-4381-9FB5-736F867C0CF6}.Debug|Any CPU.Build.0 = Debug|Any CPU
		{A4E4B743-774B-4381-9FB5-736F867C0CF6}.Release|Any CPU.ActiveCfg = Release|Any CPU
		{A4E4B743-774B-4381-9FB5-736F867C0CF6}.Release|Any CPU.Build.0 = Release|Any CPU
		{99FD7C4B-043E-482A-A031-6B5314BC914B}.Debug|Any CPU.ActiveCfg = Debug|Any CPU
		{99FD7C4B-043E-482A-A031-6B5314BC914B}.Debug|Any CPU.Build.0 = Debug|Any CPU
		{99FD7C4B-043E-482A-A031-6B5314BC914B}.Release|Any CPU.ActiveCfg = Release|Any CPU
		{99FD7C4B-043E-482A-A031-6B5314BC914B}.Release|Any CPU.Build.0 = Release|Any CPU
		{574928DB-1543-464A-9D37-5134DF04EEE5}.Debug|Any CPU.ActiveCfg = Debug|Any CPU
		{574928DB-1543-464A-9D37-5134DF04EEE5}.Debug|Any CPU.Build.0 = Debug|Any CPU
		{574928DB-1543-464A-9D37-5134DF04EEE5}.Release|Any CPU.ActiveCfg = Release|Any CPU
		{574928DB-1543-464A-9D37-5134DF04EEE5}.Release|Any CPU.Build.0 = Release|Any CPU
		{B1144739-8324-4A6C-B9F8-71D42A19111B}.Debug|Any CPU.ActiveCfg = Debug|Any CPU
		{B1144739-8324-4A6C-B9F8-71D42A19111B}.Debug|Any CPU.Build.0 = Debug|Any CPU
		{B1144739-8324-4A6C-B9F8-71D42A19111B}.Release|Any CPU.ActiveCfg = Release|Any CPU
		{B1144739-8324-4A6C-B9F8-71D42A19111B}.Release|Any CPU.Build.0 = Release|Any CPU
		{4CED69BB-71DC-41C1-9168-90A82513A663}.Debug|Any CPU.ActiveCfg = Debug|Any CPU
		{4CED69BB-71DC-41C1-9168-90A82513A663}.Debug|Any CPU.Build.0 = Debug|Any CPU
		{4CED69BB-71DC-41C1-9168-90A82513A663}.Release|Any CPU.ActiveCfg = Release|Any CPU
		{4CED69BB-71DC-41C1-9168-90A82513A663}.Release|Any CPU.Build.0 = Release|Any CPU
		{9B447C17-9774-4A2F-AEDC-1714E97A0357}.Debug|Any CPU.ActiveCfg = Debug|Any CPU
		{9B447C17-9774-4A2F-AEDC-1714E97A0357}.Debug|Any CPU.Build.0 = Debug|Any CPU
		{9B447C17-9774-4A2F-AEDC-1714E97A0357}.Release|Any CPU.ActiveCfg = Release|Any CPU
		{9B447C17-9774-4A2F-AEDC-1714E97A0357}.Release|Any CPU.Build.0 = Release|Any CPU
		{FACF233E-8051-4C57-9397-075816B9F917}.Debug|Any CPU.ActiveCfg = Debug|Any CPU
		{FACF233E-8051-4C57-9397-075816B9F917}.Debug|Any CPU.Build.0 = Debug|Any CPU
		{FACF233E-8051-4C57-9397-075816B9F917}.Release|Any CPU.ActiveCfg = Release|Any CPU
		{FACF233E-8051-4C57-9397-075816B9F917}.Release|Any CPU.Build.0 = Release|Any CPU
		{5151EA0C-0DE3-4C90-ADDA-2D81779502D1}.Debug|Any CPU.ActiveCfg = Debug|Any CPU
		{5151EA0C-0DE3-4C90-ADDA-2D81779502D1}.Debug|Any CPU.Build.0 = Debug|Any CPU
		{5151EA0C-0DE3-4C90-ADDA-2D81779502D1}.Release|Any CPU.ActiveCfg = Release|Any CPU
		{5151EA0C-0DE3-4C90-ADDA-2D81779502D1}.Release|Any CPU.Build.0 = Release|Any CPU
		{038FCA09-897E-400F-B083-79CB0416BC87}.Debug|Any CPU.ActiveCfg = Debug|Any CPU
		{038FCA09-897E-400F-B083-79CB0416BC87}.Debug|Any CPU.Build.0 = Debug|Any CPU
		{038FCA09-897E-400F-B083-79CB0416BC87}.Release|Any CPU.ActiveCfg = Release|Any CPU
		{038FCA09-897E-400F-B083-79CB0416BC87}.Release|Any CPU.Build.0 = Release|Any CPU
		{B43C703C-1A83-41F9-B7A8-B8708D074720}.Debug|Any CPU.ActiveCfg = Debug|Any CPU
		{B43C703C-1A83-41F9-B7A8-B8708D074720}.Debug|Any CPU.Build.0 = Debug|Any CPU
		{B43C703C-1A83-41F9-B7A8-B8708D074720}.Release|Any CPU.ActiveCfg = Release|Any CPU
		{B43C703C-1A83-41F9-B7A8-B8708D074720}.Release|Any CPU.Build.0 = Release|Any CPU
		{59644792-68BF-4416-9B73-681E95074515}.Debug|Any CPU.ActiveCfg = Debug|Any CPU
		{59644792-68BF-4416-9B73-681E95074515}.Debug|Any CPU.Build.0 = Debug|Any CPU
		{59644792-68BF-4416-9B73-681E95074515}.Release|Any CPU.ActiveCfg = Release|Any CPU
		{59644792-68BF-4416-9B73-681E95074515}.Release|Any CPU.Build.0 = Release|Any CPU
		{278ABED7-47E5-44AA-9D9C-4494A7AC8D62}.Debug|Any CPU.ActiveCfg = Debug|Any CPU
		{278ABED7-47E5-44AA-9D9C-4494A7AC8D62}.Debug|Any CPU.Build.0 = Debug|Any CPU
		{278ABED7-47E5-44AA-9D9C-4494A7AC8D62}.Release|Any CPU.ActiveCfg = Release|Any CPU
		{278ABED7-47E5-44AA-9D9C-4494A7AC8D62}.Release|Any CPU.Build.0 = Release|Any CPU
	EndGlobalSection
	GlobalSection(SolutionProperties) = preSolution
		HideSolutionNode = FALSE
	EndGlobalSection
	GlobalSection(ExtensibilityGlobals) = postSolution
		SolutionGuid = {4A1AC67A-F693-4406-8377-D9F03947D973}
	EndGlobalSection
EndGlobal
