<Solution>
  <Project Path="SharpProof.Analyzer.Core/SharpProof.Analyzer.Core.csproj" />
  <Project Path="SharpProof.Analyzer.Test/SharpProof.Analyzer.Test.csproj" />
  <Project Path="SharpProof.Analyzer/SharpProof.Analyzer.csproj" />
  <Project Path="SharpProof.ArchitectureTest/SharpProof.ArchitectureTest.csproj" />
  <Project Path="SharpProof.Attributes.Test/SharpProof.Attributes.Test.csproj" />
  <Project Path="SharpProof.Attributes/SharpProof.Attributes.csproj" />
  <Project Path="SharpProof.BuildTasks/SharpProof.BuildTasks.csproj" />
  <Project Path="SharpProof.CompilerArtifact/SharpProof.CompilerArtifact.csproj" />
  <Project Path="SharpProof.CompilerCollector/SharpProof.CompilerCollector.csproj" />
  <Project Path="SharpProof.CompilerProbe.TestAsset/SharpProof.CompilerProbe.TestAsset.csproj" />
  <Project Path="SharpProof.ContractForGenerator.Test/SharpProof.ContractForGenerator.Test.csproj" />
  <Project Path="SharpProof.ContractForGenerator/SharpProof.ContractForGenerator.csproj" />
  <Project Path="SharpProof.Contracts.Test/SharpProof.Contracts.Test.csproj" />
  <Project Path="SharpProof.Contracts/SharpProof.Contracts.csproj" />
  <Project Path="SharpProof.Dataflow.Test/SharpProof.Dataflow.Test.csproj" />
  <Project Path="SharpProof.Dataflow/SharpProof.Dataflow.csproj" />
  <Project Path="SharpProof.Effects.Test/SharpProof.Effects.Test.csproj" />
  <Project Path="SharpProof.Effects/SharpProof.Effects.csproj" />
  <Project Path="SharpProof.Frontend.Test/SharpProof.Frontend.Test.csproj" />
  <Project Path="SharpProof.Frontend/SharpProof.Frontend.csproj" />
  <Project Path="SharpProof.Fuzz.Test/SharpProof.Fuzz.Test.csproj" />
  <Project Path="SharpProof.Gates.Test/SharpProof.Gates.Test.csproj" />
  <Project Path="SharpProof.Gates/SharpProof.Gates.csproj" />
  <Project Path="SharpProof.Host/SharpProof.Host.csproj" />
  <Project Path="SharpProof.Ir.Test/SharpProof.Ir.Test.csproj" />
  <Project Path="SharpProof.Ir/SharpProof.Ir.csproj" />
  <Project Path="SharpProof.Package.Test/SharpProof.Package.Test.csproj" />
  <Project Path="SharpProof.Package/SharpProof.Package.csproj" />
  <Project Path="SharpProof.Smoke.Net472/SharpProof.Smoke.Net472.csproj" />
  <Project Path="SharpProof.Smt.Test/SharpProof.Smt.Test.csproj" />
  <Project Path="SharpProof.Smt/SharpProof.Smt.csproj" />
  <Project Path="SharpProof.Specs.Test/SharpProof.Specs.Test.csproj" />
  <Project Path="SharpProof.Specs/SharpProof.Specs.csproj" />
  <Project Path="SharpProof.Summaries.Test/SharpProof.Summaries.Test.csproj" />
  <Project Path="SharpProof.Summaries/SharpProof.Summaries.csproj" />
  <Project Path="SharpProof.Testing.Test/SharpProof.Testing.Test.csproj" />
  <Project Path="SharpProof.Testing/SharpProof.Testing.csproj" />
  <Project Path="SharpProof.Verifier/SharpProof.Verifier.csproj" />
  <Project Path="SharpProof.Verify.Test/SharpProof.Verify.Test.csproj" />
  <Project Path="SharpProof.Verify/SharpProof.Verify.csproj" />
  <Project Path="SharpProof.Worker.Protocol/SharpProof.Worker.Protocol.csproj" />
  <Project Path="SharpProof.Worker.Test/SharpProof.Worker.Test.csproj" />
  <Project Path="SharpProof.Worker/SharpProof.Worker.csproj" />
  <Project Path="Tools/SharpProof.Fuzz/SharpProof.Fuzz.csproj" />
</Solution>
