{
  "version": 2,
  "dependencies": {
    "net9.0": {
      "Microsoft.CodeAnalysis.BannedApiAnalyzers": {
        "type": "Direct",
        "requested": "[5.6.0, )",
        "resolved": "5.6.0",
        "contentHash": "Kcobt3pnOdO0A+6CKiMHZdTEluJpsfxiV20axtZdmfBQnDmiWTKPJADlgAfdTuKNAnVarrkJa0UEGwuOo91muw=="
      },
      "System.IO.Pipelines": {
        "type": "Transitive",
        "resolved": "10.0.10",
        "contentHash": "7WX0W96y3dpQdYG4sEGdh38g3/0lOD4/dKbn2rRVOVzKhzoZUn2gKNIKaFeKWs8RCbpFfmmEWsRhSy95hMpvqA=="
      },
      "System.Text.Encodings.Web": {
        "type": "Transitive",
        "resolved": "10.0.10",
        "contentHash": "o16m2YpDN/pjHsnxf9pTGwkpcuvjW8v1/wGUwJtM1c3QZUKm7ZEO/eYRJg7iIx6GxS2Zv9lAMHpiQwHDdgqauA=="
      },
      "sharpproof.compilerartifact": {
        "type": "Project",
        "dependencies": {
          "SharpProof.Ir": "[1.0.0-preview.1, )",
          "SharpProof.Worker.Protocol": "[1.0.0-preview.1, )",
          "System.Collections.Immutable": "[9.0.18, )"
        }
      },
      "sharpproof.host": {
        "type": "Project"
      },
      "sharpproof.ir": {
        "type": "Project",
        "dependencies": {
          "System.Collections.Immutable": "[9.0.18, )"
        }
      },
      "sharpproof.specs": {
        "type": "Project",
        "dependencies": {
          "SharpProof.Ir": "[1.0.0-preview.1, )"
        }
      },
      "sharpproof.worker.protocol": {
        "type": "Project",
        "dependencies": {
          "System.Collections.Immutable": "[9.0.18, )",
          "System.Text.Json": "[10.0.10, )"
        }
      },
      "System.Collections.Immutable": {
        "type": "CentralTransitive",
        "requested": "[9.0.18, )",
        "resolved": "9.0.18",
        "contentHash": "5V1SJde+JzfcFzU5YCB2aDrua2tPuVv1pt75FtS00j68HUmQEJaxDm54DE9ZXlSgNPcEY+QFlRQ3xFwDg/gHew=="
      },
      "System.Text.Json": {
        "type": "CentralTransitive",
        "requested": "[10.0.10, )",
        "resolved": "10.0.10",
        "contentHash": "bmsO6UdYtBdtn32zYXfsh7KlyTIzV/3V9hdT9RIb4pXKgYOsNxXR+VbWigNwBtNFVGYGm6Hwmqw5a+/IWFd36Q==",
        "dependencies": {
          "System.IO.Pipelines": "10.0.10",
          "System.Text.Encodings.Web": "10.0.10"
        }
      }
    }
  }
}